// !$*UTF8*$!
{
	archiveVersion = 1;
	classes = {
	};
	objectVersion = 46;
	objects = {

/* Begin PBXBuildFile section */
		08083BDA26256F7BCE667498 /* libPods-Gigacover.a in Frameworks */ = {isa = PBXBuildFile; fileRef = 1E14E4952BD5277CE54F59EB /* libPods-Gigacover.a */; };
		12CF04648B5A4915BD13A231 /* IBMPlexSans-ThinItalic.ttf in Resources */ = {isa = PBXBuildFile; fileRef = B81F1EB2B5BF438D8962A86B /* IBMPlexSans-ThinItalic.ttf */; };
		13B07FBC1A68108700A75B9A /* AppDelegate.m in Sources */ = {isa = PBXBuildFile; fileRef = 13B07FB01A68108700A75B9A /* AppDelegate.m */; };
		13B07FBF1A68108700A75B9A /* Images.xcassets in Resources */ = {isa = PBXBuildFile; fileRef = 13B07FB51A68108700A75B9A /* Images.xcassets */; };
		13B07FC11A68108700A75B9A /* main.m in Sources */ = {isa = PBXBuildFile; fileRef = 13B07FB71A68108700A75B9A /* main.m */; };
		3E35CCF5D0DD4F79A33B2D5C /* IBMPlexSans-SemiBoldItalic.ttf in Resources */ = {isa = PBXBuildFile; fileRef = 81C4A9DFBA9B4C50BFACA9C0 /* IBMPlexSans-SemiBoldItalic.ttf */; };
		4B06A1B3FB0C490D898FB7FC /* IBMPlexSans-BoldItalic.ttf in Resources */ = {isa = PBXBuildFile; fileRef = 23CD8AA97E764E85B954A6DD /* IBMPlexSans-BoldItalic.ttf */; };
		4FCE9967DAFD4013B976F4ED /* IBMPlexSans-Medium.ttf in Resources */ = {isa = PBXBuildFile; fileRef = 62C9EDC8636746D99B40FB55 /* IBMPlexSans-Medium.ttf */; };
		518FCF33A5F044549D8A298A /* IBMPlexSans-MediumItalic.ttf in Resources */ = {isa = PBXBuildFile; fileRef = B4EF8E7016524015BEC89759 /* IBMPlexSans-MediumItalic.ttf */; };
		58E9AF70D1444BB1A8D00A6F /* IBMPlexSans-ExtraLight.ttf in Resources */ = {isa = PBXBuildFile; fileRef = 6E8A767CD7914C6881958C7F /* IBMPlexSans-ExtraLight.ttf */; };
		5ABAD8D4BA824A6E95594C77 /* IBMPlexSans-Light.ttf in Resources */ = {isa = PBXBuildFile; fileRef = 77C89823168B4733B86060FE /* IBMPlexSans-Light.ttf */; };
		5E3B8FCA124D4C23A9614AEA /* IBMPlexSans-Italic.ttf in Resources */ = {isa = PBXBuildFile; fileRef = 25F51091FDEB4AE8928D0B5D /* IBMPlexSans-Italic.ttf */; };
		81AB9BB82411601600AC10FF /* LaunchScreen.storyboard in Resources */ = {isa = PBXBuildFile; fileRef = 81AB9BB72411601600AC10FF /* LaunchScreen.storyboard */; };
		9E71B853EB1F40209956BED9 /* IBMPlexSans-Thin.ttf in Resources */ = {isa = PBXBuildFile; fileRef = F31200DF11D64CC09142607B /* IBMPlexSans-Thin.ttf */; };
		B4592692347A46D9952C80FB /* IBMPlexSans-Regular.ttf in Resources */ = {isa = PBXBuildFile; fileRef = 3989C42A8EDC429BA13CB78D /* IBMPlexSans-Regular.ttf */; };
		BB71E03386F142969583D5E1 /* IBMPlexSans-LightItalic.ttf in Resources */ = {isa = PBXBuildFile; fileRef = 2FA1B968FCF54785AA0271FF /* IBMPlexSans-LightItalic.ttf */; };
		CA9F60C76DF04951B9BA16A2 /* IBMPlexSans-ExtraLightItalic.ttf in Resources */ = {isa = PBXBuildFile; fileRef = 35916745C4344CFAB141DE4E /* IBMPlexSans-ExtraLightItalic.ttf */; };
		CC0EB8B4AC574371A3A629B5 /* IBMPlexSans-Bold.ttf in Resources */ = {isa = PBXBuildFile; fileRef = EFF3D2E52A5C41439E41ACC2 /* IBMPlexSans-Bold.ttf */; };
		E6EFD89AED5744F38D1A4073 /* IBMPlexSans-SemiBold.ttf in Resources */ = {isa = PBXBuildFile; fileRef = 28873A40B9C94617A4622232 /* IBMPlexSans-SemiBold.ttf */; };
/* End PBXBuildFile section */

/* Begin PBXFileReference section */
		008F07F21AC5B25A0029DE68 /* main.jsbundle */ = {isa = PBXFileReference; fileEncoding = 4; lastKnownFileType = text; path = main.jsbundle; sourceTree = "<group>"; };
		03758AC9AB0515764EA181C0 /* libPods-gigacover_v1-tvOS.a */ = {isa = PBXFileReference; explicitFileType = archive.ar; includeInIndex = 0; path = "libPods-gigacover_v1-tvOS.a"; sourceTree = BUILT_PRODUCTS_DIR; };
		090887EB062944CAB5A3255C /* libPods-gigacover_v1-gigacover_v1Tests.a */ = {isa = PBXFileReference; explicitFileType = archive.ar; includeInIndex = 0; path = "libPods-gigacover_v1-gigacover_v1Tests.a"; sourceTree = BUILT_PRODUCTS_DIR; };
		13B07F961A680F5B00A75B9A /* Gigacover.app */ = {isa = PBXFileReference; explicitFileType = wrapper.application; includeInIndex = 0; path = Gigacover.app; sourceTree = BUILT_PRODUCTS_DIR; };
		13B07FAF1A68108700A75B9A /* AppDelegate.h */ = {isa = PBXFileReference; fileEncoding = 4; lastKnownFileType = sourcecode.c.h; name = AppDelegate.h; path = gigacover_v1/AppDelegate.h; sourceTree = "<group>"; };
		13B07FB01A68108700A75B9A /* AppDelegate.m */ = {isa = PBXFileReference; fileEncoding = 4; lastKnownFileType = sourcecode.c.objc; name = AppDelegate.m; path = gigacover_v1/AppDelegate.m; sourceTree = "<group>"; };
		13B07FB51A68108700A75B9A /* Images.xcassets */ = {isa = PBXFileReference; lastKnownFileType = folder.assetcatalog; name = Images.xcassets; path = gigacover_v1/Images.xcassets; sourceTree = "<group>"; };
		13B07FB61A68108700A75B9A /* Info.plist */ = {isa = PBXFileReference; fileEncoding = 4; lastKnownFileType = text.plist.xml; name = Info.plist; path = gigacover_v1/Info.plist; sourceTree = "<group>"; };
		13B07FB71A68108700A75B9A /* main.m */ = {isa = PBXFileReference; fileEncoding = 4; lastKnownFileType = sourcecode.c.objc; name = main.m; path = gigacover_v1/main.m; sourceTree = "<group>"; };
		152B2D180F6F3C35207ADEA6 /* Pods-gigacover_v1.release.xcconfig */ = {isa = PBXFileReference; includeInIndex = 1; lastKnownFileType = text.xcconfig; name = "Pods-gigacover_v1.release.xcconfig"; path = "Target Support Files/Pods-gigacover_v1/Pods-gigacover_v1.release.xcconfig"; sourceTree = "<group>"; };
		1D483941563D52A5A808F8E9 /* Pods-gigacover_v1-tvOS.debug.xcconfig */ = {isa = PBXFileReference; includeInIndex = 1; lastKnownFileType = text.xcconfig; name = "Pods-gigacover_v1-tvOS.debug.xcconfig"; path = "Target Support Files/Pods-gigacover_v1-tvOS/Pods-gigacover_v1-tvOS.debug.xcconfig"; sourceTree = "<group>"; };
		1E14E4952BD5277CE54F59EB /* libPods-Gigacover.a */ = {isa = PBXFileReference; explicitFileType = archive.ar; includeInIndex = 0; path = "libPods-Gigacover.a"; sourceTree = BUILT_PRODUCTS_DIR; };
		23CD8AA97E764E85B954A6DD /* IBMPlexSans-BoldItalic.ttf */ = {isa = PBXFileReference; explicitFileType = undefined; fileEncoding = 9; includeInIndex = 0; lastKnownFileType = unknown; name = "IBMPlexSans-BoldItalic.ttf"; path = "../app/assets/fonts/IBMPlexSans-BoldItalic.ttf"; sourceTree = "<group>"; };
		25F51091FDEB4AE8928D0B5D /* IBMPlexSans-Italic.ttf */ = {isa = PBXFileReference; explicitFileType = undefined; fileEncoding = 9; includeInIndex = 0; lastKnownFileType = unknown; name = "IBMPlexSans-Italic.ttf"; path = "../app/assets/fonts/IBMPlexSans-Italic.ttf"; sourceTree = "<group>"; };
		28873A40B9C94617A4622232 /* IBMPlexSans-SemiBold.ttf */ = {isa = PBXFileReference; explicitFileType = undefined; fileEncoding = 9; includeInIndex = 0; lastKnownFileType = unknown; name = "IBMPlexSans-SemiBold.ttf"; path = "../app/assets/fonts/IBMPlexSans-SemiBold.ttf"; sourceTree = "<group>"; };
		29D951F263A9A67DEDE8374D /* Pods-Gigacover.release.xcconfig */ = {isa = PBXFileReference; includeInIndex = 1; lastKnownFileType = text.xcconfig; name = "Pods-Gigacover.release.xcconfig"; path = "Target Support Files/Pods-Gigacover/Pods-Gigacover.release.xcconfig"; sourceTree = "<group>"; };
		2FA1B968FCF54785AA0271FF /* IBMPlexSans-LightItalic.ttf */ = {isa = PBXFileReference; explicitFileType = undefined; fileEncoding = 9; includeInIndex = 0; lastKnownFileType = unknown; name = "IBMPlexSans-LightItalic.ttf"; path = "../app/assets/fonts/IBMPlexSans-LightItalic.ttf"; sourceTree = "<group>"; };
		30CEB598613D0AC9C25D7D3A /* Pods-gigacover_v1.debug.xcconfig */ = {isa = PBXFileReference; includeInIndex = 1; lastKnownFileType = text.xcconfig; name = "Pods-gigacover_v1.debug.xcconfig"; path = "Target Support Files/Pods-gigacover_v1/Pods-gigacover_v1.debug.xcconfig"; sourceTree = "<group>"; };
		35916745C4344CFAB141DE4E /* IBMPlexSans-ExtraLightItalic.ttf */ = {isa = PBXFileReference; explicitFileType = undefined; fileEncoding = 9; includeInIndex = 0; lastKnownFileType = unknown; name = "IBMPlexSans-ExtraLightItalic.ttf"; path = "../app/assets/fonts/IBMPlexSans-ExtraLightItalic.ttf"; sourceTree = "<group>"; };
		3989C42A8EDC429BA13CB78D /* IBMPlexSans-Regular.ttf */ = {isa = PBXFileReference; explicitFileType = undefined; fileEncoding = 9; includeInIndex = 0; lastKnownFileType = unknown; name = "IBMPlexSans-Regular.ttf"; path = "../app/assets/fonts/IBMPlexSans-Regular.ttf"; sourceTree = "<group>"; };
		40D0D6215004FD4281D90CC4 /* Pods-Gigacover.debug.xcconfig */ = {isa = PBXFileReference; includeInIndex = 1; lastKnownFileType = text.xcconfig; name = "Pods-Gigacover.debug.xcconfig"; path = "Target Support Files/Pods-Gigacover/Pods-Gigacover.debug.xcconfig"; sourceTree = "<group>"; };
		4FFD92973EABC41F4BF761E2 /* Pods-gigacover_v1-tvOSTests.debug.xcconfig */ = {isa = PBXFileReference; includeInIndex = 1; lastKnownFileType = text.xcconfig; name = "Pods-gigacover_v1-tvOSTests.debug.xcconfig"; path = "Target Support Files/Pods-gigacover_v1-tvOSTests/Pods-gigacover_v1-tvOSTests.debug.xcconfig"; sourceTree = "<group>"; };
		62C9EDC8636746D99B40FB55 /* IBMPlexSans-Medium.ttf */ = {isa = PBXFileReference; explicitFileType = undefined; fileEncoding = 9; includeInIndex = 0; lastKnownFileType = unknown; name = "IBMPlexSans-Medium.ttf"; path = "../app/assets/fonts/IBMPlexSans-Medium.ttf"; sourceTree = "<group>"; };
		699B04F6684C796063470024 /* libPods-gigacover_v1-tvOSTests.a */ = {isa = PBXFileReference; explicitFileType = archive.ar; includeInIndex = 0; path = "libPods-gigacover_v1-tvOSTests.a"; sourceTree = BUILT_PRODUCTS_DIR; };
		6AED94D46C627CAF853E3D87 /* Pods-gigacover_v1-tvOSTests.release.xcconfig */ = {isa = PBXFileReference; includeInIndex = 1; lastKnownFileType = text.xcconfig; name = "Pods-gigacover_v1-tvOSTests.release.xcconfig"; path = "Target Support Files/Pods-gigacover_v1-tvOSTests/Pods-gigacover_v1-tvOSTests.release.xcconfig"; sourceTree = "<group>"; };
		6E8A767CD7914C6881958C7F /* IBMPlexSans-ExtraLight.ttf */ = {isa = PBXFileReference; explicitFileType = undefined; fileEncoding = 9; includeInIndex = 0; lastKnownFileType = unknown; name = "IBMPlexSans-ExtraLight.ttf"; path = "../app/assets/fonts/IBMPlexSans-ExtraLight.ttf"; sourceTree = "<group>"; };
		6F56BF06E110A955B7C4D8C7 /* Pods-gigacover_v1-gigacover_v1Tests.debug.xcconfig */ = {isa = PBXFileReference; includeInIndex = 1; lastKnownFileType = text.xcconfig; name = "Pods-gigacover_v1-gigacover_v1Tests.debug.xcconfig"; path = "Target Support Files/Pods-gigacover_v1-gigacover_v1Tests/Pods-gigacover_v1-gigacover_v1Tests.debug.xcconfig"; sourceTree = "<group>"; };
		77C89823168B4733B86060FE /* IBMPlexSans-Light.ttf */ = {isa = PBXFileReference; explicitFileType = undefined; fileEncoding = 9; includeInIndex = 0; lastKnownFileType = unknown; name = "IBMPlexSans-Light.ttf"; path = "../app/assets/fonts/IBMPlexSans-Light.ttf"; sourceTree = "<group>"; };
		81AB9BB72411601600AC10FF /* LaunchScreen.storyboard */ = {isa = PBXFileReference; fileEncoding = 4; lastKnownFileType = file.storyboard; name = LaunchScreen.storyboard; path = gigacover_v1/LaunchScreen.storyboard; sourceTree = "<group>"; };
		81C4A9DFBA9B4C50BFACA9C0 /* IBMPlexSans-SemiBoldItalic.ttf */ = {isa = PBXFileReference; explicitFileType = undefined; fileEncoding = 9; includeInIndex = 0; lastKnownFileType = unknown; name = "IBMPlexSans-SemiBoldItalic.ttf"; path = "../app/assets/fonts/IBMPlexSans-SemiBoldItalic.ttf"; sourceTree = "<group>"; };
		A01569E9697C9AB67340612D /* Pods-gigacover_v1-gigacover_v1Tests.release.xcconfig */ = {isa = PBXFileReference; includeInIndex = 1; lastKnownFileType = text.xcconfig; name = "Pods-gigacover_v1-gigacover_v1Tests.release.xcconfig"; path = "Target Support Files/Pods-gigacover_v1-gigacover_v1Tests/Pods-gigacover_v1-gigacover_v1Tests.release.xcconfig"; sourceTree = "<group>"; };
		A17F9DAA1D345AA2059C8125 /* Pods-gigacover_v1-tvOS.release.xcconfig */ = {isa = PBXFileReference; includeInIndex = 1; lastKnownFileType = text.xcconfig; name = "Pods-gigacover_v1-tvOS.release.xcconfig"; path = "Target Support Files/Pods-gigacover_v1-tvOS/Pods-gigacover_v1-tvOS.release.xcconfig"; sourceTree = "<group>"; };
		B4EF8E7016524015BEC89759 /* IBMPlexSans-MediumItalic.ttf */ = {isa = PBXFileReference; explicitFileType = undefined; fileEncoding = 9; includeInIndex = 0; lastKnownFileType = unknown; name = "IBMPlexSans-MediumItalic.ttf"; path = "../app/assets/fonts/IBMPlexSans-MediumItalic.ttf"; sourceTree = "<group>"; };
		B81F1EB2B5BF438D8962A86B /* IBMPlexSans-ThinItalic.ttf */ = {isa = PBXFileReference; explicitFileType = undefined; fileEncoding = 9; includeInIndex = 0; lastKnownFileType = unknown; name = "IBMPlexSans-ThinItalic.ttf"; path = "../app/assets/fonts/IBMPlexSans-ThinItalic.ttf"; sourceTree = "<group>"; };
		ED297162215061F000B7C4FE /* JavaScriptCore.framework */ = {isa = PBXFileReference; lastKnownFileType = wrapper.framework; name = JavaScriptCore.framework; path = System/Library/Frameworks/JavaScriptCore.framework; sourceTree = SDKROOT; };
		ED2971642150620600B7C4FE /* JavaScriptCore.framework */ = {isa = PBXFileReference; lastKnownFileType = wrapper.framework; name = JavaScriptCore.framework; path = Platforms/AppleTVOS.platform/Developer/SDKs/AppleTVOS12.0.sdk/System/Library/Frameworks/JavaScriptCore.framework; sourceTree = DEVELOPER_DIR; };
		EFF3D2E52A5C41439E41ACC2 /* IBMPlexSans-Bold.ttf */ = {isa = PBXFileReference; explicitFileType = undefined; fileEncoding = 9; includeInIndex = 0; lastKnownFileType = unknown; name = "IBMPlexSans-Bold.ttf"; path = "../app/assets/fonts/IBMPlexSans-Bold.ttf"; sourceTree = "<group>"; };
		F31200DF11D64CC09142607B /* IBMPlexSans-Thin.ttf */ = {isa = PBXFileReference; explicitFileType = undefined; fileEncoding = 9; includeInIndex = 0; lastKnownFileType = unknown; name = "IBMPlexSans-Thin.ttf"; path = "../app/assets/fonts/IBMPlexSans-Thin.ttf"; sourceTree = "<group>"; };
/* End PBXFileReference section */

/* Begin PBXFrameworksBuildPhase section */
		13B07F8C1A680F5B00A75B9A /* Frameworks */ = {
			isa = PBXFrameworksBuildPhase;
			buildActionMask = 2147483647;
			files = (
				08083BDA26256F7BCE667498 /* libPods-Gigacover.a in Frameworks */,
			);
			runOnlyForDeploymentPostprocessing = 0;
		};
/* End PBXFrameworksBuildPhase section */

/* Begin PBXGroup section */
		0E68B46D6EC9E966D33BB9FA /* Pods */ = {
			isa = PBXGroup;
			children = (
				30CEB598613D0AC9C25D7D3A /* Pods-gigacover_v1.debug.xcconfig */,
				152B2D180F6F3C35207ADEA6 /* Pods-gigacover_v1.release.xcconfig */,
				6F56BF06E110A955B7C4D8C7 /* Pods-gigacover_v1-gigacover_v1Tests.debug.xcconfig */,
				A01569E9697C9AB67340612D /* Pods-gigacover_v1-gigacover_v1Tests.release.xcconfig */,
				1D483941563D52A5A808F8E9 /* Pods-gigacover_v1-tvOS.debug.xcconfig */,
				A17F9DAA1D345AA2059C8125 /* Pods-gigacover_v1-tvOS.release.xcconfig */,
				4FFD92973EABC41F4BF761E2 /* Pods-gigacover_v1-tvOSTests.debug.xcconfig */,
				6AED94D46C627CAF853E3D87 /* Pods-gigacover_v1-tvOSTests.release.xcconfig */,
				40D0D6215004FD4281D90CC4 /* Pods-Gigacover.debug.xcconfig */,
				29D951F263A9A67DEDE8374D /* Pods-Gigacover.release.xcconfig */,
			);
			path = Pods;
			sourceTree = "<group>";
		};
		13B07FAE1A68108700A75B9A /* gigacover_v1 */ = {
			isa = PBXGroup;
			children = (
				008F07F21AC5B25A0029DE68 /* main.jsbundle */,
				13B07FAF1A68108700A75B9A /* AppDelegate.h */,
				13B07FB01A68108700A75B9A /* AppDelegate.m */,
				13B07FB51A68108700A75B9A /* Images.xcassets */,
				13B07FB61A68108700A75B9A /* Info.plist */,
				81AB9BB72411601600AC10FF /* LaunchScreen.storyboard */,
				13B07FB71A68108700A75B9A /* main.m */,
			);
			name = gigacover_v1;
			sourceTree = "<group>";
		};
		22AA0790C6E8496AB5B4F325 /* Resources */ = {
			isa = PBXGroup;
			children = (
				EFF3D2E52A5C41439E41ACC2 /* IBMPlexSans-Bold.ttf */,
				23CD8AA97E764E85B954A6DD /* IBMPlexSans-BoldItalic.ttf */,
				6E8A767CD7914C6881958C7F /* IBMPlexSans-ExtraLight.ttf */,
				35916745C4344CFAB141DE4E /* IBMPlexSans-ExtraLightItalic.ttf */,
				25F51091FDEB4AE8928D0B5D /* IBMPlexSans-Italic.ttf */,
				77C89823168B4733B86060FE /* IBMPlexSans-Light.ttf */,
				2FA1B968FCF54785AA0271FF /* IBMPlexSans-LightItalic.ttf */,
				62C9EDC8636746D99B40FB55 /* IBMPlexSans-Medium.ttf */,
				B4EF8E7016524015BEC89759 /* IBMPlexSans-MediumItalic.ttf */,
				3989C42A8EDC429BA13CB78D /* IBMPlexSans-Regular.ttf */,
				28873A40B9C94617A4622232 /* IBMPlexSans-SemiBold.ttf */,
				81C4A9DFBA9B4C50BFACA9C0 /* IBMPlexSans-SemiBoldItalic.ttf */,
				F31200DF11D64CC09142607B /* IBMPlexSans-Thin.ttf */,
				B81F1EB2B5BF438D8962A86B /* IBMPlexSans-ThinItalic.ttf */,
			);
			name = Resources;
			sourceTree = "<group>";
		};
		2D16E6871FA4F8E400B85C8A /* Frameworks */ = {
			isa = PBXGroup;
			children = (
				ED297162215061F000B7C4FE /* JavaScriptCore.framework */,
				ED2971642150620600B7C4FE /* JavaScriptCore.framework */,
				090887EB062944CAB5A3255C /* libPods-gigacover_v1-gigacover_v1Tests.a */,
				03758AC9AB0515764EA181C0 /* libPods-gigacover_v1-tvOS.a */,
				699B04F6684C796063470024 /* libPods-gigacover_v1-tvOSTests.a */,
				1E14E4952BD5277CE54F59EB /* libPods-Gigacover.a */,
			);
			name = Frameworks;
			sourceTree = "<group>";
		};
		832341AE1AAA6A7D00B99B32 /* Libraries */ = {
			isa = PBXGroup;
			children = (
			);
			name = Libraries;
			sourceTree = "<group>";
		};
		83CBB9F61A601CBA00E9B192 = {
			isa = PBXGroup;
			children = (
				13B07FAE1A68108700A75B9A /* gigacover_v1 */,
				832341AE1AAA6A7D00B99B32 /* Libraries */,
				83CBBA001A601CBA00E9B192 /* Products */,
				2D16E6871FA4F8E400B85C8A /* Frameworks */,
				0E68B46D6EC9E966D33BB9FA /* Pods */,
				22AA0790C6E8496AB5B4F325 /* Resources */,
			);
			indentWidth = 2;
			sourceTree = "<group>";
			tabWidth = 2;
			usesTabs = 0;
		};
		83CBBA001A601CBA00E9B192 /* Products */ = {
			isa = PBXGroup;
			children = (
				13B07F961A680F5B00A75B9A /* Gigacover.app */,
			);
			name = Products;
			sourceTree = "<group>";
		};
/* End PBXGroup section */

/* Begin PBXNativeTarget section */
		13B07F861A680F5B00A75B9A /* Gigacover */ = {
			isa = PBXNativeTarget;
			buildConfigurationList = 13B07F931A680F5B00A75B9A /* Build configuration list for PBXNativeTarget "Gigacover" */;
			buildPhases = (
				99E0D216566B7DC0985A67D1 /* [CP] Check Pods Manifest.lock */,
				FD10A7F022414F080027D42C /* Start Packager */,
				13B07F871A680F5B00A75B9A /* Sources */,
				13B07F8C1A680F5B00A75B9A /* Frameworks */,
				13B07F8E1A680F5B00A75B9A /* Resources */,
				00DD1BFF1BD5951E006B06BC /* Bundle React Native code and images */,
				999EA6A5ADEF800016406B76 /* [CP] Copy Pods Resources */,
				3660B73AB96935ACC25A7E1B /* [CP] Embed Pods Frameworks */,
			);
			buildRules = (
			);
			dependencies = (
			);
			name = Gigacover;
			productName = gigacover_v1;
			productReference = 13B07F961A680F5B00A75B9A /* Gigacover.app */;
			productType = "com.apple.product-type.application";
		};
/* End PBXNativeTarget section */

/* Begin PBXProject section */
		83CBB9F71A601CBA00E9B192 /* Project object */ = {
			isa = PBXProject;
			attributes = {
				LastUpgradeCheck = 1130;
				TargetAttributes = {
					13B07F861A680F5B00A75B9A = {
						LastSwiftMigration = 1120;
					};
				};
			};
			buildConfigurationList = 83CBB9FA1A601CBA00E9B192 /* Build configuration list for PBXProject "gigacover_v1" */;
			compatibilityVersion = "Xcode 3.2";
			developmentRegion = en;
			hasScannedForEncodings = 0;
			knownRegions = (
				en,
				Base,
			);
			mainGroup = 83CBB9F61A601CBA00E9B192;
			productRefGroup = 83CBBA001A601CBA00E9B192 /* Products */;
			projectDirPath = "";
			projectRoot = "";
			targets = (
				13B07F861A680F5B00A75B9A /* Gigacover */,
			);
		};
/* End PBXProject section */

/* Begin PBXResourcesBuildPhase section */
		13B07F8E1A680F5B00A75B9A /* Resources */ = {
			isa = PBXResourcesBuildPhase;
			buildActionMask = 2147483647;
			files = (
				81AB9BB82411601600AC10FF /* LaunchScreen.storyboard in Resources */,
				13B07FBF1A68108700A75B9A /* Images.xcassets in Resources */,
				CC0EB8B4AC574371A3A629B5 /* IBMPlexSans-Bold.ttf in Resources */,
				4B06A1B3FB0C490D898FB7FC /* IBMPlexSans-BoldItalic.ttf in Resources */,
				58E9AF70D1444BB1A8D00A6F /* IBMPlexSans-ExtraLight.ttf in Resources */,
				CA9F60C76DF04951B9BA16A2 /* IBMPlexSans-ExtraLightItalic.ttf in Resources */,
				5E3B8FCA124D4C23A9614AEA /* IBMPlexSans-Italic.ttf in Resources */,
				5ABAD8D4BA824A6E95594C77 /* IBMPlexSans-Light.ttf in Resources */,
				BB71E03386F142969583D5E1 /* IBMPlexSans-LightItalic.ttf in Resources */,
				4FCE9967DAFD4013B976F4ED /* IBMPlexSans-Medium.ttf in Resources */,
				518FCF33A5F044549D8A298A /* IBMPlexSans-MediumItalic.ttf in Resources */,
				B4592692347A46D9952C80FB /* IBMPlexSans-Regular.ttf in Resources */,
				E6EFD89AED5744F38D1A4073 /* IBMPlexSans-SemiBold.ttf in Resources */,
				3E35CCF5D0DD4F79A33B2D5C /* IBMPlexSans-SemiBoldItalic.ttf in Resources */,
				9E71B853EB1F40209956BED9 /* IBMPlexSans-Thin.ttf in Resources */,
				12CF04648B5A4915BD13A231 /* IBMPlexSans-ThinItalic.ttf in Resources */,
			);
			runOnlyForDeploymentPostprocessing = 0;
		};
/* End PBXResourcesBuildPhase section */

/* Begin PBXShellScriptBuildPhase section */
		00DD1BFF1BD5951E006B06BC /* Bundle React Native code and images */ = {
			isa = PBXShellScriptBuildPhase;
			buildActionMask = 2147483647;
			files = (
			);
			inputPaths = (
			);
			name = "Bundle React Native code and images";
			outputPaths = (
			);
			runOnlyForDeploymentPostprocessing = 0;
			shellPath = /bin/sh;
			shellScript = "export NODE_BINARY=node\n../node_modules/react-native/scripts/react-native-xcode.sh\n";
		};
		3660B73AB96935ACC25A7E1B /* [CP] Embed Pods Frameworks */ = {
			isa = PBXShellScriptBuildPhase;
			buildActionMask = 2147483647;
			files = (
			);
			inputPaths = (
				"${PODS_ROOT}/Target Support Files/Pods-Gigacover/Pods-Gigacover-frameworks.sh",
				"${PODS_XCFRAMEWORKS_BUILD_DIR}/OpenSSL-Universal/OpenSSL.framework/OpenSSL",
			);
			name = "[CP] Embed Pods Frameworks";
			outputPaths = (
				"${TARGET_BUILD_DIR}/${FRAMEWORKS_FOLDER_PATH}/OpenSSL.framework",
			);
			runOnlyForDeploymentPostprocessing = 0;
			shellPath = /bin/sh;
			shellScript = "\"${PODS_ROOT}/Target Support Files/Pods-Gigacover/Pods-Gigacover-frameworks.sh\"\n";
			showEnvVarsInLog = 0;
		};
		999EA6A5ADEF800016406B76 /* [CP] Copy Pods Resources */ = {
			isa = PBXShellScriptBuildPhase;
			buildActionMask = 2147483647;
			files = (
			);
			inputPaths = (
				"${PODS_ROOT}/Target Support Files/Pods-Gigacover/Pods-Gigacover-resources.sh",
				"${PODS_CONFIGURATION_BUILD_DIR}/React-Core/AccessibilityResources.bundle",
			);
			name = "[CP] Copy Pods Resources";
			outputPaths = (
				"${TARGET_BUILD_DIR}/${UNLOCALIZED_RESOURCES_FOLDER_PATH}/AccessibilityResources.bundle",
			);
			runOnlyForDeploymentPostprocessing = 0;
			shellPath = /bin/sh;
			shellScript = "\"${PODS_ROOT}/Target Support Files/Pods-Gigacover/Pods-Gigacover-resources.sh\"\n";
			showEnvVarsInLog = 0;
		};
		99E0D216566B7DC0985A67D1 /* [CP] Check Pods Manifest.lock */ = {
			isa = PBXShellScriptBuildPhase;
			buildActionMask = 2147483647;
			files = (
			);
			inputFileListPaths = (
			);
			inputPaths = (
				"${PODS_PODFILE_DIR_PATH}/Podfile.lock",
				"${PODS_ROOT}/Manifest.lock",
			);
			name = "[CP] Check Pods Manifest.lock";
			outputFileListPaths = (
			);
			outputPaths = (
				"$(DERIVED_FILE_DIR)/Pods-Gigacover-checkManifestLockResult.txt",
			);
			runOnlyForDeploymentPostprocessing = 0;
			shellPath = /bin/sh;
			shellScript = "diff \"${PODS_PODFILE_DIR_PATH}/Podfile.lock\" \"${PODS_ROOT}/Manifest.lock\" > /dev/null\nif [ $? != 0 ] ; then\n    # print error to STDERR\n    echo \"error: The sandbox is not in sync with the Podfile.lock. Run 'pod install' or update your CocoaPods installation.\" >&2\n    exit 1\nfi\n# This output is used by Xcode 'outputs' to avoid re-running this script phase.\necho \"SUCCESS\" > \"${SCRIPT_OUTPUT_FILE_0}\"\n";
			showEnvVarsInLog = 0;
		};
		FD10A7F022414F080027D42C /* Start Packager */ = {
			isa = PBXShellScriptBuildPhase;
			buildActionMask = 2147483647;
			files = (
			);
			inputFileListPaths = (
			);
			inputPaths = (
			);
			name = "Start Packager";
			outputFileListPaths = (
			);
			outputPaths = (
			);
			runOnlyForDeploymentPostprocessing = 0;
			shellPath = /bin/sh;
			shellScript = "export RCT_METRO_PORT=\"${RCT_METRO_PORT:=8081}\"\necho \"export RCT_METRO_PORT=${RCT_METRO_PORT}\" > \"${SRCROOT}/../node_modules/react-native/scripts/.packager.env\"\nif [ -z \"${RCT_NO_LAUNCH_PACKAGER+xxx}\" ] ; then\n  if nc -w 5 -z localhost ${RCT_METRO_PORT} ; then\n    if ! curl -s \"http://localhost:${RCT_METRO_PORT}/status\" | grep -q \"packager-status:running\" ; then\n      echo \"Port ${RCT_METRO_PORT} already in use, packager is either not running or not running correctly\"\n      exit 2\n    fi\n  else\n    open \"$SRCROOT/../node_modules/react-native/scripts/launchPackager.command\" || echo \"Can't start packager automatically\"\n  fi\nfi\n";
			showEnvVarsInLog = 0;
		};
/* End PBXShellScriptBuildPhase section */

/* Begin PBXSourcesBuildPhase section */
		13B07F871A680F5B00A75B9A /* Sources */ = {
			isa = PBXSourcesBuildPhase;
			buildActionMask = 2147483647;
			files = (
				13B07FBC1A68108700A75B9A /* AppDelegate.m in Sources */,
				13B07FC11A68108700A75B9A /* main.m in Sources */,
			);
			runOnlyForDeploymentPostprocessing = 0;
		};
/* End PBXSourcesBuildPhase section */

/* Begin XCBuildConfiguration section */
		13B07F941A680F5B00A75B9A /* Debug */ = {
			isa = XCBuildConfiguration;
			baseConfigurationReference = 40D0D6215004FD4281D90CC4 /* Pods-Gigacover.debug.xcconfig */;
			buildSettings = {
				ASSETCATALOG_COMPILER_APPICON_NAME = AppIcon;
				CLANG_ENABLE_MODULES = YES;
				CURRENT_PROJECT_VERSION = 1;
				ENABLE_BITCODE = NO;
				INFOPLIST_FILE = gigacover_v1/Info.plist;
				LD_RUNPATH_SEARCH_PATHS = "$(inherited) @executable_path/Frameworks";
				OTHER_LDFLAGS = (
					"$(inherited)",
					"-ObjC",
					"-lc++",
				);
				PRODUCT_BUNDLE_IDENTIFIER = "com.app.gigacover-v1";
				PRODUCT_NAME = Gigacover;
				SWIFT_OPTIMIZATION_LEVEL = "-Onone";
				SWIFT_VERSION = 5.0;
				VERSIONING_SYSTEM = "apple-generic";
			};
			name = Debug;
		};
		13B07F951A680F5B00A75B9A /* Release */ = {
			isa = XCBuildConfiguration;
			baseConfigurationReference = 29D951F263A9A67DEDE8374D /* Pods-Gigacover.release.xcconfig */;
			buildSettings = {
				ASSETCATALOG_COMPILER_APPICON_NAME = AppIcon;
				CLANG_ENABLE_MODULES = YES;
				CURRENT_PROJECT_VERSION = 1;
				INFOPLIST_FILE = gigacover_v1/Info.plist;
				LD_RUNPATH_SEARCH_PATHS = "$(inherited) @executable_path/Frameworks";
				OTHER_LDFLAGS = (
					"$(inherited)",
					"-ObjC",
					"-lc++",
				);
				PRODUCT_BUNDLE_IDENTIFIER = "com.app.gigacover-v1";
				PRODUCT_NAME = Gigacover;
				SWIFT_VERSION = 5.0;
				VERSIONING_SYSTEM = "apple-generic";
			};
			name = Release;
		};
		83CBBA201A601CBA00E9B192 /* Debug */ = {
			isa = XCBuildConfiguration;
			buildSettings = {
				ALWAYS_SEARCH_USER_PATHS = NO;
				CLANG_ANALYZER_LOCALIZABILITY_NONLOCALIZED = YES;
				CLANG_CXX_LANGUAGE_STANDARD = "gnu++0x";
				CLANG_CXX_LIBRARY = "libc++";
				CLANG_ENABLE_MODULES = YES;
				CLANG_ENABLE_OBJC_ARC = YES;
				CLANG_WARN_BLOCK_CAPTURE_AUTORELEASING = YES;
				CLANG_WARN_BOOL_CONVERSION = YES;
				CLANG_WARN_COMMA = YES;
				CLANG_WARN_CONSTANT_CONVERSION = YES;
				CLANG_WARN_DEPRECATED_OBJC_IMPLEMENTATIONS = YES;
				CLANG_WARN_DIRECT_OBJC_ISA_USAGE = YES_ERROR;
				CLANG_WARN_EMPTY_BODY = YES;
				CLANG_WARN_ENUM_CONVERSION = YES;
				CLANG_WARN_INFINITE_RECURSION = YES;
				CLANG_WARN_INT_CONVERSION = YES;
				CLANG_WARN_NON_LITERAL_NULL_CONVERSION = YES;
				CLANG_WARN_OBJC_IMPLICIT_RETAIN_SELF = YES;
				CLANG_WARN_OBJC_LITERAL_CONVERSION = YES;
				CLANG_WARN_OBJC_ROOT_CLASS = YES_ERROR;
				CLANG_WARN_RANGE_LOOP_ANALYSIS = YES;
				CLANG_WARN_STRICT_PROTOTYPES = YES;
				CLANG_WARN_SUSPICIOUS_MOVE = YES;
				CLANG_WARN_UNREACHABLE_CODE = YES;
				CLANG_WARN__DUPLICATE_METHOD_MATCH = YES;
				"CODE_SIGN_IDENTITY[sdk=iphoneos*]" = "iPhone Developer";
				COPY_PHASE_STRIP = NO;
				ENABLE_STRICT_OBJC_MSGSEND = YES;
				ENABLE_TESTABILITY = YES;
				GCC_C_LANGUAGE_STANDARD = gnu99;
				GCC_DYNAMIC_NO_PIC = NO;
				GCC_NO_COMMON_BLOCKS = YES;
				GCC_OPTIMIZATION_LEVEL = 0;
				GCC_PREPROCESSOR_DEFINITIONS = (
					"DEBUG=1",
					"$(inherited)",
				);
				GCC_SYMBOLS_PRIVATE_EXTERN = NO;
				GCC_WARN_64_TO_32_BIT_CONVERSION = YES;
				GCC_WARN_ABOUT_RETURN_TYPE = YES_ERROR;
				GCC_WARN_UNDECLARED_SELECTOR = YES;
				GCC_WARN_UNINITIALIZED_AUTOS = YES_AGGRESSIVE;
				GCC_WARN_UNUSED_FUNCTION = YES;
				GCC_WARN_UNUSED_VARIABLE = YES;
				IPHONEOS_DEPLOYMENT_TARGET = 10.0;
				LD_RUNPATH_SEARCH_PATHS = "/usr/lib/swift $(inherited)";
				LIBRARY_SEARCH_PATHS = (
					"\"$(TOOLCHAIN_DIR)/usr/lib/swift/$(PLATFORM_NAME)\"",
					"\"$(TOOLCHAIN_DIR)/usr/lib/swift-5.0/$(PLATFORM_NAME)\"",
					"\"$(inherited)\"",
				);
				MTL_ENABLE_DEBUG_INFO = YES;
				ONLY_ACTIVE_ARCH = YES;
				SDKROOT = iphoneos;
			};
			name = Debug;
		};
		83CBBA211A601CBA00E9B192 /* Release */ = {
			isa = XCBuildConfiguration;
			buildSettings = {
				ALWAYS_SEARCH_USER_PATHS = NO;
				CLANG_ANALYZER_LOCALIZABILITY_NONLOCALIZED = YES;
				CLANG_CXX_LANGUAGE_STANDARD = "gnu++0x";
				CLANG_CXX_LIBRARY = "libc++";
				CLANG_ENABLE_MODULES = YES;
				CLANG_ENABLE_OBJC_ARC = YES;
				CLANG_WARN_BLOCK_CAPTURE_AUTORELEASING = YES;
				CLANG_WARN_BOOL_CONVERSION = YES;
				CLANG_WARN_COMMA = YES;
				CLANG_WARN_CONSTANT_CONVERSION = YES;
				CLANG_WARN_DEPRECATED_OBJC_IMPLEMENTATIONS = YES;
				CLANG_WARN_DIRECT_OBJC_ISA_USAGE = YES_ERROR;
				CLANG_WARN_EMPTY_BODY = YES;
				CLANG_WARN_ENUM_CONVERSION = YES;
				CLANG_WARN_INFINITE_RECURSION = YES;
				CLANG_WARN_INT_CONVERSION = YES;
				CLANG_WARN_NON_LITERAL_NULL_CONVERSION = YES;
				CLANG_WARN_OBJC_IMPLICIT_RETAIN_SELF = YES;
				CLANG_WARN_OBJC_LITERAL_CONVERSION = YES;
				CLANG_WARN_OBJC_ROOT_CLASS = YES_ERROR;
				CLANG_WARN_RANGE_LOOP_ANALYSIS = YES;
				CLANG_WARN_STRICT_PROTOTYPES = YES;
				CLANG_WARN_SUSPICIOUS_MOVE = YES;
				CLANG_WARN_UNREACHABLE_CODE = YES;
				CLANG_WARN__DUPLICATE_METHOD_MATCH = YES;
				"CODE_SIGN_IDENTITY[sdk=iphoneos*]" = "iPhone Developer";
				COPY_PHASE_STRIP = YES;
				ENABLE_NS_ASSERTIONS = NO;
				ENABLE_STRICT_OBJC_MSGSEND = YES;
				GCC_C_LANGUAGE_STANDARD = gnu99;
				GCC_NO_COMMON_BLOCKS = YES;
				GCC_WARN_64_TO_32_BIT_CONVERSION = YES;
				GCC_WARN_ABOUT_RETURN_TYPE = YES_ERROR;
				GCC_WARN_UNDECLARED_SELECTOR = YES;
				GCC_WARN_UNINITIALIZED_AUTOS = YES_AGGRESSIVE;
				GCC_WARN_UNUSED_FUNCTION = YES;
				GCC_WARN_UNUSED_VARIABLE = YES;
				IPHONEOS_DEPLOYMENT_TARGET = 10.0;
				LD_RUNPATH_SEARCH_PATHS = "/usr/lib/swift $(inherited)";
				LIBRARY_SEARCH_PATHS = (
					"\"$(TOOLCHAIN_DIR)/usr/lib/swift/$(PLATFORM_NAME)\"",
					"\"$(TOOLCHAIN_DIR)/usr/lib/swift-5.0/$(PLATFORM_NAME)\"",
					"\"$(inherited)\"",
				);
				MTL_ENABLE_DEBUG_INFO = NO;
				SDKROOT = iphoneos;
				VALIDATE_PRODUCT = YES;
			};
			name = Release;
		};
/* End XCBuildConfiguration section */

/* Begin XCConfigurationList section */
		13B07F931A680F5B00A75B9A /* Build configuration list for PBXNativeTarget "Gigacover" */ = {
			isa = XCConfigurationList;
			buildConfigurations = (
				13B07F941A680F5B00A75B9A /* Debug */,
				13B07F951A680F5B00A75B9A /* Release */,
			);
			defaultConfigurationIsVisible = 0;
			defaultConfigurationName = Release;
		};
		83CBB9FA1A601CBA00E9B192 /* Build configuration list for PBXProject "gigacover_v1" */ = {
			isa = XCConfigurationList;
			buildConfigurations = (
				83CBBA201A601CBA00E9B192 /* Debug */,
				83CBBA211A601CBA00E9B192 /* Release */,
			);
			defaultConfigurationIsVisible = 0;
			defaultConfigurationName = Release;
		};
/* End XCConfigurationList section */
	};
	rootObject = 83CBB9F71A601CBA00E9B192 /* Project object */;
}
